hash: 54a8e754ffaed324a3d31928ee85f274096c7831c0f0634ae5823941583fc090
updated: 2017-06-22T13:15:53.402627308+08:00
imports:
- name: github.com/arstd/log
  version: 7c7cb062bb52c307f9b417b5ad966d0ae706adf4
- name: github.com/arstd/tcp
  version: c2af91d0bda80dc28d69fef97a799a519eef54ae
testImports: []
