hash: f535a622430953166ad3e77211379b32df16ceabbda37623af48eed83b14166f
updated: 2017-06-20T18:32:38.884579799+08:00
imports:
- name: github.com/arstd/log
  version: 7c7cb062bb52c307f9b417b5ad966d0ae706adf4
- name: github.com/arstd/tcp
  version: bbcf1fd9cd484830c728f18bd7506d51af0b0b90
testImports: []
